{
  "R": {
    "Version": "4.0.3",
    "Repositories": [
      {
        "Name": "CRAN",
        "URL": "https://cloud.r-project.org"
      }
    ]
  },
  "Packages": {
    "DT": {
      "Package": "DT",
      "Version": "0.17",
      "Source": "Repository",
      "Repository": "CRAN",
      "Hash": "56b33b77f4cffd78ff96b8e5a69eabb0"
    },
    "configr": {
      "Package": "configr",
      "Version": "0.3.5",
      "Source": "Repository",
      "Repository": "CRAN",
      "Hash": "27bf543086066d25a38ed9fe26fa2ad8"
    },
    "dplyr": {
      "Package": "dplyr",
      "Version": "1.0.2",
      "Source": "Repository",
      "Repository": "CRAN",
      "Hash": "d0509913b27ea898189ee664b6030dc2"
    },
    "readtext": {
      "Package": "readtext",
      "Version": "0.80",
      "Source": "Repository",
      "Repository": "CRAN",
      "Hash": "4ce55563f3cf2f9456ad116251f53b5e"
    },
    "renv": {
      "Package": "renv",
      "Version": "0.12.5",
      "Source": "Repository",
      "Repository": "CRAN",
      "Hash": "5c0cdb37f063c58cdab3c7e9fbb8bd2c"
    },
    "shiny": {
      "Package": "shiny",
      "Version": "1.5.0",
      "Source": "Repository",
      "Repository": "CRAN",
      "Hash": "ee4ed72d7a5047d9e73cf922ad66e9c9"
    },
    "shinyalert": {
      "Package": "shinyalert",
      "Version": "2.0.0",
      "Source": "Repository",
      "Repository": "CRAN",
      "Hash": "a130b62f6d5533fcc1cab6c8161358d9"
    },
    "shinydashboard": {
      "Package": "shinydashboard",
      "Version": "0.7.1",
      "Source": "Repository",
      "Repository": "CRAN",
      "Hash": "133639dc106955eee4ffb8ec73edac37"
    },
    "shinyjs": {
      "Package": "shinyjs",
      "Version": "2.0.0",
      "Source": "Repository",
      "Repository": "CRAN",
      "Hash": "9ddfc91d4280eaa34c2103951538976f"
    },
    "zip": {
      "Package": "zip",
      "Version": "2.1.1",
      "Source": "Repository",
      "Repository": "CRAN",
      "Hash": "3bc8405c637d988801ec5ea88372d0c2"
    }
  }
}
